
Microsoft Visual Studio Solution File, Format Version 12.00
# Visual Studio Version 17
VisualStudioVersion = 17.9.34622.214
MinimumVisualStudioVersion = 10.0.40219.1
Project("{9A19103F-16F7-4668-BE54-9A1E7A4F7556}") = "Logic", "Logic\Logic.csproj", "{426D7DAE-87AE-4F4A-9846-CE39A630A75D}"
EndProject
Project("{9A19103F-16F7-4668-BE54-9A1E7A4F7556}") = "PresentationModel", "Model\PresentationModel.csproj", "{15975D31-E518-4AE9-85A5-DC7DB47D611B}"
EndProject
Project("{9A19103F-16F7-4668-BE54-9A1E7A4F7556}") = "PresentationViewModel", "ViewModel\PresentationViewModel.csproj", "{9F34DC65-7BFB-4D16-A8D2-8B7D318CFBAC}"
EndProject
Project("{9A19103F-16F7-4668-BE54-9A1E7A4F7556}") = "Data", "Dane\Data.csproj", "{6AF8B9AF-651D-4E9C-B13F-7FC574CC13D6}"
EndProject
Project("{9A19103F-16F7-4668-BE54-9A1E7A4F7556}") = "PresentationView", "WpfApp1\PresentationView.csproj", "{4B728F06-396E-429D-8E28-4E7704CDEB70}"
EndProject
Global
	GlobalSection(SolutionConfigurationPlatforms) = preSolution
		Debug|Any CPU = Debug|Any CPU
		Debug|ARM = Debug|ARM
		Debug|ARM64 = Debug|ARM64
		Debug|x64 = Debug|x64
		Debug|x86 = Debug|x86
		Release|Any CPU = Release|Any CPU
		Release|ARM = Release|ARM
		Release|ARM64 = Release|ARM64
		Release|x64 = Release|x64
		Release|x86 = Release|x86
	EndGlobalSection
	GlobalSection(ProjectConfigurationPlatforms) = postSolution
		{426D7DAE-87AE-4F4A-9846-CE39A630A75D}.Debug|Any CPU.ActiveCfg = Debug|Any CPU
		{426D7DAE-87AE-4F4A-9846-CE39A630A75D}.Debug|Any CPU.Build.0 = Debug|Any CPU
		{426D7DAE-87AE-4F4A-9846-CE39A630A75D}.Debug|ARM.ActiveCfg = Debug|Any CPU
		{426D7DAE-87AE-4F4A-9846-CE39A630A75D}.Debug|ARM.Build.0 = Debug|Any CPU
		{426D7DAE-87AE-4F4A-9846-CE39A630A75D}.Debug|ARM64.ActiveCfg = Debug|Any CPU
		{426D7DAE-87AE-4F4A-9846-CE39A630A75D}.Debug|ARM64.Build.0 = Debug|Any CPU
		{426D7DAE-87AE-4F4A-9846-CE39A630A75D}.Debug|x64.ActiveCfg = Debug|Any CPU
		{426D7DAE-87AE-4F4A-9846-CE39A630A75D}.Debug|x64.Build.0 = Debug|Any CPU
		{426D7DAE-87AE-4F4A-9846-CE39A630A75D}.Debug|x86.ActiveCfg = Debug|Any CPU
		{426D7DAE-87AE-4F4A-9846-CE39A630A75D}.Debug|x86.Build.0 = Debug|Any CPU
		{426D7DAE-87AE-4F4A-9846-CE39A630A75D}.Release|Any CPU.ActiveCfg = Release|Any CPU
		{426D7DAE-87AE-4F4A-9846-CE39A630A75D}.Release|Any CPU.Build.0 = Release|Any CPU
		{426D7DAE-87AE-4F4A-9846-CE39A630A75D}.Release|ARM.ActiveCfg = Release|Any CPU
		{426D7DAE-87AE-4F4A-9846-CE39A630A75D}.Release|ARM.Build.0 = Release|Any CPU
		{426D7DAE-87AE-4F4A-9846-CE39A630A75D}.Release|ARM64.ActiveCfg = Release|Any CPU
		{426D7DAE-87AE-4F4A-9846-CE39A630A75D}.Release|ARM64.Build.0 = Release|Any CPU
		{426D7DAE-87AE-4F4A-9846-CE39A630A75D}.Release|x64.ActiveCfg = Release|Any CPU
		{426D7DAE-87AE-4F4A-9846-CE39A630A75D}.Release|x64.Build.0 = Release|Any CPU
		{426D7DAE-87AE-4F4A-9846-CE39A630A75D}.Release|x86.ActiveCfg = Release|Any CPU
		{426D7DAE-87AE-4F4A-9846-CE39A630A75D}.Release|x86.Build.0 = Release|Any CPU
		{15975D31-E518-4AE9-85A5-DC7DB47D611B}.Debug|Any CPU.ActiveCfg = Debug|Any CPU
		{15975D31-E518-4AE9-85A5-DC7DB47D611B}.Debug|Any CPU.Build.0 = Debug|Any CPU
		{15975D31-E518-4AE9-85A5-DC7DB47D611B}.Debug|ARM.ActiveCfg = Debug|Any CPU
		{15975D31-E518-4AE9-85A5-DC7DB47D611B}.Debug|ARM.Build.0 = Debug|Any CPU
		{15975D31-E518-4AE9-85A5-DC7DB47D611B}.Debug|ARM64.ActiveCfg = Debug|Any CPU
		{15975D31-E518-4AE9-85A5-DC7DB47D611B}.Debug|ARM64.Build.0 = Debug|Any CPU
		{15975D31-E518-4AE9-85A5-DC7DB47D611B}.Debug|x64.ActiveCfg = Debug|Any CPU
		{15975D31-E518-4AE9-85A5-DC7DB47D611B}.Debug|x64.Build.0 = Debug|Any CPU
		{15975D31-E518-4AE9-85A5-DC7DB47D611B}.Debug|x86.ActiveCfg = Debug|Any CPU
		{15975D31-E518-4AE9-85A5-DC7DB47D611B}.Debug|x86.Build.0 = Debug|Any CPU
		{15975D31-E518-4AE9-85A5-DC7DB47D611B}.Release|Any CPU.ActiveCfg = Release|Any CPU
		{15975D31-E518-4AE9-85A5-DC7DB47D611B}.Release|Any CPU.Build.0 = Release|Any CPU
		{15975D31-E518-4AE9-85A5-DC7DB47D611B}.Release|ARM.ActiveCfg = Release|Any CPU
		{15975D31-E518-4AE9-85A5-DC7DB47D611B}.Release|ARM.Build.0 = Release|Any CPU
		{15975D31-E518-4AE9-85A5-DC7DB47D611B}.Release|ARM64.ActiveCfg = Release|Any CPU
		{15975D31-E518-4AE9-85A5-DC7DB47D611B}.Release|ARM64.Build.0 = Release|Any CPU
		{15975D31-E518-4AE9-85A5-DC7DB47D611B}.Release|x64.ActiveCfg = Release|Any CPU
		{15975D31-E518-4AE9-85A5-DC7DB47D611B}.Release|x64.Build.0 = Release|Any CPU
		{15975D31-E518-4AE9-85A5-DC7DB47D611B}.Release|x86.ActiveCfg = Release|Any CPU
		{15975D31-E518-4AE9-85A5-DC7DB47D611B}.Release|x86.Build.0 = Release|Any CPU
		{9F34DC65-7BFB-4D16-A8D2-8B7D318CFBAC}.Debug|Any CPU.ActiveCfg = Debug|Any CPU
		{9F34DC65-7BFB-4D16-A8D2-8B7D318CFBAC}.Debug|Any CPU.Build.0 = Debug|Any CPU
		{9F34DC65-7BFB-4D16-A8D2-8B7D318CFBAC}.Debug|ARM.ActiveCfg = Debug|Any CPU
		{9F34DC65-7BFB-4D16-A8D2-8B7D318CFBAC}.Debug|ARM.Build.0 = Debug|Any CPU
		{9F34DC65-7BFB-4D16-A8D2-8B7D318CFBAC}.Debug|ARM64.ActiveCfg = Debug|Any CPU
		{9F34DC65-7BFB-4D16-A8D2-8B7D318CFBAC}.Debug|ARM64.Build.0 = Debug|Any CPU
		{9F34DC65-7BFB-4D16-A8D2-8B7D318CFBAC}.Debug|x64.ActiveCfg = Debug|Any CPU
		{9F34DC65-7BFB-4D16-A8D2-8B7D318CFBAC}.Debug|x64.Build.0 = Debug|Any CPU
		{9F34DC65-7BFB-4D16-A8D2-8B7D318CFBAC}.Debug|x86.ActiveCfg = Debug|Any CPU
		{9F34DC65-7BFB-4D16-A8D2-8B7D318CFBAC}.Debug|x86.Build.0 = Debug|Any CPU
		{9F34DC65-7BFB-4D16-A8D2-8B7D318CFBAC}.Release|Any CPU.ActiveCfg = Release|Any CPU
		{9F34DC65-7BFB-4D16-A8D2-8B7D318CFBAC}.Release|Any CPU.Build.0 = Release|Any CPU
		{9F34DC65-7BFB-4D16-A8D2-8B7D318CFBAC}.Release|ARM.ActiveCfg = Release|Any CPU
		{9F34DC65-7BFB-4D16-A8D2-8B7D318CFBAC}.Release|ARM.Build.0 = Release|Any CPU
		{9F34DC65-7BFB-4D16-A8D2-8B7D318CFBAC}.Release|ARM64.ActiveCfg = Release|Any CPU
		{9F34DC65-7BFB-4D16-A8D2-8B7D318CFBAC}.Release|ARM64.Build.0 = Release|Any CPU
		{9F34DC65-7BFB-4D16-A8D2-8B7D318CFBAC}.Release|x64.ActiveCfg = Release|Any CPU
		{9F34DC65-7BFB-4D16-A8D2-8B7D318CFBAC}.Release|x64.Build.0 = Release|Any CPU
		{9F34DC65-7BFB-4D16-A8D2-8B7D318CFBAC}.Release|x86.ActiveCfg = Release|Any CPU
		{9F34DC65-7BFB-4D16-A8D2-8B7D318CFBAC}.Release|x86.Build.0 = Release|Any CPU
		{6AF8B9AF-651D-4E9C-B13F-7FC574CC13D6}.Debug|Any CPU.ActiveCfg = Debug|Any CPU
		{6AF8B9AF-651D-4E9C-B13F-7FC574CC13D6}.Debug|Any CPU.Build.0 = Debug|Any CPU
		{6AF8B9AF-651D-4E9C-B13F-7FC574CC13D6}.Debug|ARM.ActiveCfg = Debug|Any CPU
		{6AF8B9AF-651D-4E9C-B13F-7FC574CC13D6}.Debug|ARM.Build.0 = Debug|Any CPU
		{6AF8B9AF-651D-4E9C-B13F-7FC574CC13D6}.Debug|ARM64.ActiveCfg = Debug|Any CPU
		{6AF8B9AF-651D-4E9C-B13F-7FC574CC13D6}.Debug|ARM64.Build.0 = Debug|Any CPU
		{6AF8B9AF-651D-4E9C-B13F-7FC574CC13D6}.Debug|x64.ActiveCfg = Debug|Any CPU
		{6AF8B9AF-651D-4E9C-B13F-7FC574CC13D6}.Debug|x64.Build.0 = Debug|Any CPU
		{6AF8B9AF-651D-4E9C-B13F-7FC574CC13D6}.Debug|x86.ActiveCfg = Debug|Any CPU
		{6AF8B9AF-651D-4E9C-B13F-7FC574CC13D6}.Debug|x86.Build.0 = Debug|Any CPU
		{6AF8B9AF-651D-4E9C-B13F-7FC574CC13D6}.Release|Any CPU.ActiveCfg = Release|Any CPU
		{6AF8B9AF-651D-4E9C-B13F-7FC574CC13D6}.Release|Any CPU.Build.0 = Release|Any CPU
		{6AF8B9AF-651D-4E9C-B13F-7FC574CC13D6}.Release|ARM.ActiveCfg = Release|Any CPU
		{6AF8B9AF-651D-4E9C-B13F-7FC574CC13D6}.Release|ARM.Build.0 = Release|Any CPU
		{6AF8B9AF-651D-4E9C-B13F-7FC574CC13D6}.Release|ARM64.ActiveCfg = Release|Any CPU
		{6AF8B9AF-651D-4E9C-B13F-7FC574CC13D6}.Release|ARM64.Build.0 = Release|Any CPU
		{6AF8B9AF-651D-4E9C-B13F-7FC574CC13D6}.Release|x64.ActiveCfg = Release|Any CPU
		{6AF8B9AF-651D-4E9C-B13F-7FC574CC13D6}.Release|x64.Build.0 = Release|Any CPU
		{6AF8B9AF-651D-4E9C-B13F-7FC574CC13D6}.Release|x86.ActiveCfg = Release|Any CPU
		{6AF8B9AF-651D-4E9C-B13F-7FC574CC13D6}.Release|x86.Build.0 = Release|Any CPU
		{4B728F06-396E-429D-8E28-4E7704CDEB70}.Debug|Any CPU.ActiveCfg = Debug|Any CPU
		{4B728F06-396E-429D-8E28-4E7704CDEB70}.Debug|Any CPU.Build.0 = Debug|Any CPU
		{4B728F06-396E-429D-8E28-4E7704CDEB70}.Debug|ARM.ActiveCfg = Debug|Any CPU
		{4B728F06-396E-429D-8E28-4E7704CDEB70}.Debug|ARM.Build.0 = Debug|Any CPU
		{4B728F06-396E-429D-8E28-4E7704CDEB70}.Debug|ARM64.ActiveCfg = Debug|Any CPU
		{4B728F06-396E-429D-8E28-4E7704CDEB70}.Debug|ARM64.Build.0 = Debug|Any CPU
		{4B728F06-396E-429D-8E28-4E7704CDEB70}.Debug|x64.ActiveCfg = Debug|Any CPU
		{4B728F06-396E-429D-8E28-4E7704CDEB70}.Debug|x64.Build.0 = Debug|Any CPU
		{4B728F06-396E-429D-8E28-4E7704CDEB70}.Debug|x86.ActiveCfg = Debug|Any CPU
		{4B728F06-396E-429D-8E28-4E7704CDEB70}.Debug|x86.Build.0 = Debug|Any CPU
		{4B728F06-396E-429D-8E28-4E7704CDEB70}.Release|Any CPU.ActiveCfg = Release|Any CPU
		{4B728F06-396E-429D-8E28-4E7704CDEB70}.Release|Any CPU.Build.0 = Release|Any CPU
		{4B728F06-396E-429D-8E28-4E7704CDEB70}.Release|ARM.ActiveCfg = Release|Any CPU
		{4B728F06-396E-429D-8E28-4E7704CDEB70}.Release|ARM.Build.0 = Release|Any CPU
		{4B728F06-396E-429D-8E28-4E7704CDEB70}.Release|ARM64.ActiveCfg = Release|Any CPU
		{4B728F06-396E-429D-8E28-4E7704CDEB70}.Release|ARM64.Build.0 = Release|Any CPU
		{4B728F06-396E-429D-8E28-4E7704CDEB70}.Release|x64.ActiveCfg = Release|Any CPU
		{4B728F06-396E-429D-8E28-4E7704CDEB70}.Release|x64.Build.0 = Release|Any CPU
		{4B728F06-396E-429D-8E28-4E7704CDEB70}.Release|x86.ActiveCfg = Release|Any CPU
		{4B728F06-396E-429D-8E28-4E7704CDEB70}.Release|x86.Build.0 = Release|Any CPU
	EndGlobalSection
	GlobalSection(SolutionProperties) = preSolution
		HideSolutionNode = FALSE
	EndGlobalSection
	GlobalSection(ExtensibilityGlobals) = postSolution
		SolutionGuid = {A483E683-DBD2-477E-8FA6-9E9F199F41CF}
	EndGlobalSection
EndGlobal
