
Microsoft Visual Studio Solution File, Format Version 12.00
# Visual Studio Version 17
VisualStudioVersion = 17.9.34622.214
MinimumVisualStudioVersion = 10.0.40219.1
Project("{9A19103F-16F7-4668-BE54-9A1E7A4F7556}") = "Logic", "Logic\Logic.csproj", "{426D7DAE-87AE-4F4A-9846-CE39A630A75D}"
EndProject
Project("{9A19103F-16F7-4668-BE54-9A1E7A4F7556}") = "Data", "Dane\Data.csproj", "{6AF8B9AF-651D-4E9C-B13F-7FC574CC13D6}"
EndProject
Project("{9A19103F-16F7-4668-BE54-9A1E7A4F7556}") = "PresentationViewModel", "PresentationViewModel\PresentationViewModel.csproj", "{CA38EE3A-21AF-47F5-9A11-658FCCD4DFF8}"
EndProject
Project("{9A19103F-16F7-4668-BE54-9A1E7A4F7556}") = "PresentationModel", "PresentationModel\PresentationModel.csproj", "{C9678A87-8114-4F85-A7B8-081108903829}"
EndProject
Project("{9A19103F-16F7-4668-BE54-9A1E7A4F7556}") = "PresentationView", "PresentationView\PresentationView.csproj", "{C575F927-236F-4CD8-A201-A0D8291622B8}"
EndProject
Project("{FAE04EC0-301F-11D3-BF4B-00C04F79EFBC}") = "LogicTest", "LogicTest\LogicTest.csproj", "{E6985416-5183-4D9E-921E-E9F7404F2B58}"
EndProject
Project("{FAE04EC0-301F-11D3-BF4B-00C04F79EFBC}") = "DataTest", "DataTest\DataTest.csproj", "{13FA3B20-7401-4499-9307-5A22961BCC21}"
EndProject
Global
	GlobalSection(SolutionConfigurationPlatforms) = preSolution
		Debug|Any CPU = Debug|Any CPU
		Debug|ARM = Debug|ARM
		Debug|ARM64 = Debug|ARM64
		Debug|x64 = Debug|x64
		Debug|x86 = Debug|x86
		Release|Any CPU = Release|Any CPU
		Release|ARM = Release|ARM
		Release|ARM64 = Release|ARM64
		Release|x64 = Release|x64
		Release|x86 = Release|x86
	EndGlobalSection
	GlobalSection(ProjectConfigurationPlatforms) = postSolution
		{426D7DAE-87AE-4F4A-9846-CE39A630A75D}.Debug|Any CPU.ActiveCfg = Debug|Any CPU
		{426D7DAE-87AE-4F4A-9846-CE39A630A75D}.Debug|Any CPU.Build.0 = Debug|Any CPU
		{426D7DAE-87AE-4F4A-9846-CE39A630A75D}.Debug|ARM.ActiveCfg = Debug|Any CPU
		{426D7DAE-87AE-4F4A-9846-CE39A630A75D}.Debug|ARM.Build.0 = Debug|Any CPU
		{426D7DAE-87AE-4F4A-9846-CE39A630A75D}.Debug|ARM64.ActiveCfg = Debug|Any CPU
		{426D7DAE-87AE-4F4A-9846-CE39A630A75D}.Debug|ARM64.Build.0 = Debug|Any CPU
		{426D7DAE-87AE-4F4A-9846-CE39A630A75D}.Debug|x64.ActiveCfg = Debug|Any CPU
		{426D7DAE-87AE-4F4A-9846-CE39A630A75D}.Debug|x64.Build.0 = Debug|Any CPU
		{426D7DAE-87AE-4F4A-9846-CE39A630A75D}.Debug|x86.ActiveCfg = Debug|Any CPU
		{426D7DAE-87AE-4F4A-9846-CE39A630A75D}.Debug|x86.Build.0 = Debug|Any CPU
		{426D7DAE-87AE-4F4A-9846-CE39A630A75D}.Release|Any CPU.ActiveCfg = Release|Any CPU
		{426D7DAE-87AE-4F4A-9846-CE39A630A75D}.Release|Any CPU.Build.0 = Release|Any CPU
		{426D7DAE-87AE-4F4A-9846-CE39A630A75D}.Release|ARM.ActiveCfg = Release|Any CPU
		{426D7DAE-87AE-4F4A-9846-CE39A630A75D}.Release|ARM.Build.0 = Release|Any CPU
		{426D7DAE-87AE-4F4A-9846-CE39A630A75D}.Release|ARM64.ActiveCfg = Release|Any CPU
		{426D7DAE-87AE-4F4A-9846-CE39A630A75D}.Release|ARM64.Build.0 = Release|Any CPU
		{426D7DAE-87AE-4F4A-9846-CE39A630A75D}.Release|x64.ActiveCfg = Release|Any CPU
		{426D7DAE-87AE-4F4A-9846-CE39A630A75D}.Release|x64.Build.0 = Release|Any CPU
		{426D7DAE-87AE-4F4A-9846-CE39A630A75D}.Release|x86.ActiveCfg = Release|Any CPU
		{426D7DAE-87AE-4F4A-9846-CE39A630A75D}.Release|x86.Build.0 = Release|Any CPU
		{6AF8B9AF-651D-4E9C-B13F-7FC574CC13D6}.Debug|Any CPU.ActiveCfg = Debug|Any CPU
		{6AF8B9AF-651D-4E9C-B13F-7FC574CC13D6}.Debug|Any CPU.Build.0 = Debug|Any CPU
		{6AF8B9AF-651D-4E9C-B13F-7FC574CC13D6}.Debug|ARM.ActiveCfg = Debug|Any CPU
		{6AF8B9AF-651D-4E9C-B13F-7FC574CC13D6}.Debug|ARM.Build.0 = Debug|Any CPU
		{6AF8B9AF-651D-4E9C-B13F-7FC574CC13D6}.Debug|ARM64.ActiveCfg = Debug|Any CPU
		{6AF8B9AF-651D-4E9C-B13F-7FC574CC13D6}.Debug|ARM64.Build.0 = Debug|Any CPU
		{6AF8B9AF-651D-4E9C-B13F-7FC574CC13D6}.Debug|x64.ActiveCfg = Debug|Any CPU
		{6AF8B9AF-651D-4E9C-B13F-7FC574CC13D6}.Debug|x64.Build.0 = Debug|Any CPU
		{6AF8B9AF-651D-4E9C-B13F-7FC574CC13D6}.Debug|x86.ActiveCfg = Debug|Any CPU
		{6AF8B9AF-651D-4E9C-B13F-7FC574CC13D6}.Debug|x86.Build.0 = Debug|Any CPU
		{6AF8B9AF-651D-4E9C-B13F-7FC574CC13D6}.Release|Any CPU.ActiveCfg = Release|Any CPU
		{6AF8B9AF-651D-4E9C-B13F-7FC574CC13D6}.Release|Any CPU.Build.0 = Release|Any CPU
		{6AF8B9AF-651D-4E9C-B13F-7FC574CC13D6}.Release|ARM.ActiveCfg = Release|Any CPU
		{6AF8B9AF-651D-4E9C-B13F-7FC574CC13D6}.Release|ARM.Build.0 = Release|Any CPU
		{6AF8B9AF-651D-4E9C-B13F-7FC574CC13D6}.Release|ARM64.ActiveCfg = Release|Any CPU
		{6AF8B9AF-651D-4E9C-B13F-7FC574CC13D6}.Release|ARM64.Build.0 = Release|Any CPU
		{6AF8B9AF-651D-4E9C-B13F-7FC574CC13D6}.Release|x64.ActiveCfg = Release|Any CPU
		{6AF8B9AF-651D-4E9C-B13F-7FC574CC13D6}.Release|x64.Build.0 = Release|Any CPU
		{6AF8B9AF-651D-4E9C-B13F-7FC574CC13D6}.Release|x86.ActiveCfg = Release|Any CPU
		{6AF8B9AF-651D-4E9C-B13F-7FC574CC13D6}.Release|x86.Build.0 = Release|Any CPU
		{CA38EE3A-21AF-47F5-9A11-658FCCD4DFF8}.Debug|Any CPU.ActiveCfg = Debug|Any CPU
		{CA38EE3A-21AF-47F5-9A11-658FCCD4DFF8}.Debug|Any CPU.Build.0 = Debug|Any CPU
		{CA38EE3A-21AF-47F5-9A11-658FCCD4DFF8}.Debug|ARM.ActiveCfg = Debug|Any CPU
		{CA38EE3A-21AF-47F5-9A11-658FCCD4DFF8}.Debug|ARM.Build.0 = Debug|Any CPU
		{CA38EE3A-21AF-47F5-9A11-658FCCD4DFF8}.Debug|ARM64.ActiveCfg = Debug|Any CPU
		{CA38EE3A-21AF-47F5-9A11-658FCCD4DFF8}.Debug|ARM64.Build.0 = Debug|Any CPU
		{CA38EE3A-21AF-47F5-9A11-658FCCD4DFF8}.Debug|x64.ActiveCfg = Debug|Any CPU
		{CA38EE3A-21AF-47F5-9A11-658FCCD4DFF8}.Debug|x64.Build.0 = Debug|Any CPU
		{CA38EE3A-21AF-47F5-9A11-658FCCD4DFF8}.Debug|x86.ActiveCfg = Debug|Any CPU
		{CA38EE3A-21AF-47F5-9A11-658FCCD4DFF8}.Debug|x86.Build.0 = Debug|Any CPU
		{CA38EE3A-21AF-47F5-9A11-658FCCD4DFF8}.Release|Any CPU.ActiveCfg = Release|Any CPU
		{CA38EE3A-21AF-47F5-9A11-658FCCD4DFF8}.Release|Any CPU.Build.0 = Release|Any CPU
		{CA38EE3A-21AF-47F5-9A11-658FCCD4DFF8}.Release|ARM.ActiveCfg = Release|Any CPU
		{CA38EE3A-21AF-47F5-9A11-658FCCD4DFF8}.Release|ARM.Build.0 = Release|Any CPU
		{CA38EE3A-21AF-47F5-9A11-658FCCD4DFF8}.Release|ARM64.ActiveCfg = Release|Any CPU
		{CA38EE3A-21AF-47F5-9A11-658FCCD4DFF8}.Release|ARM64.Build.0 = Release|Any CPU
		{CA38EE3A-21AF-47F5-9A11-658FCCD4DFF8}.Release|x64.ActiveCfg = Release|Any CPU
		{CA38EE3A-21AF-47F5-9A11-658FCCD4DFF8}.Release|x64.Build.0 = Release|Any CPU
		{CA38EE3A-21AF-47F5-9A11-658FCCD4DFF8}.Release|x86.ActiveCfg = Release|Any CPU
		{CA38EE3A-21AF-47F5-9A11-658FCCD4DFF8}.Release|x86.Build.0 = Release|Any CPU
		{C9678A87-8114-4F85-A7B8-081108903829}.Debug|Any CPU.ActiveCfg = Debug|Any CPU
		{C9678A87-8114-4F85-A7B8-081108903829}.Debug|Any CPU.Build.0 = Debug|Any CPU
		{C9678A87-8114-4F85-A7B8-081108903829}.Debug|ARM.ActiveCfg = Debug|Any CPU
		{C9678A87-8114-4F85-A7B8-081108903829}.Debug|ARM.Build.0 = Debug|Any CPU
		{C9678A87-8114-4F85-A7B8-081108903829}.Debug|ARM64.ActiveCfg = Debug|Any CPU
		{C9678A87-8114-4F85-A7B8-081108903829}.Debug|ARM64.Build.0 = Debug|Any CPU
		{C9678A87-8114-4F85-A7B8-081108903829}.Debug|x64.ActiveCfg = Debug|Any CPU
		{C9678A87-8114-4F85-A7B8-081108903829}.Debug|x64.Build.0 = Debug|Any CPU
		{C9678A87-8114-4F85-A7B8-081108903829}.Debug|x86.ActiveCfg = Debug|Any CPU
		{C9678A87-8114-4F85-A7B8-081108903829}.Debug|x86.Build.0 = Debug|Any CPU
		{C9678A87-8114-4F85-A7B8-081108903829}.Release|Any CPU.ActiveCfg = Release|Any CPU
		{C9678A87-8114-4F85-A7B8-081108903829}.Release|Any CPU.Build.0 = Release|Any CPU
		{C9678A87-8114-4F85-A7B8-081108903829}.Release|ARM.ActiveCfg = Release|Any CPU
		{C9678A87-8114-4F85-A7B8-081108903829}.Release|ARM.Build.0 = Release|Any CPU
		{C9678A87-8114-4F85-A7B8-081108903829}.Release|ARM64.ActiveCfg = Release|Any CPU
		{C9678A87-8114-4F85-A7B8-081108903829}.Release|ARM64.Build.0 = Release|Any CPU
		{C9678A87-8114-4F85-A7B8-081108903829}.Release|x64.ActiveCfg = Release|Any CPU
		{C9678A87-8114-4F85-A7B8-081108903829}.Release|x64.Build.0 = Release|Any CPU
		{C9678A87-8114-4F85-A7B8-081108903829}.Release|x86.ActiveCfg = Release|Any CPU
		{C9678A87-8114-4F85-A7B8-081108903829}.Release|x86.Build.0 = Release|Any CPU
		{C575F927-236F-4CD8-A201-A0D8291622B8}.Debug|Any CPU.ActiveCfg = Debug|Any CPU
		{C575F927-236F-4CD8-A201-A0D8291622B8}.Debug|Any CPU.Build.0 = Debug|Any CPU
		{C575F927-236F-4CD8-A201-A0D8291622B8}.Debug|ARM.ActiveCfg = Debug|Any CPU
		{C575F927-236F-4CD8-A201-A0D8291622B8}.Debug|ARM.Build.0 = Debug|Any CPU
		{C575F927-236F-4CD8-A201-A0D8291622B8}.Debug|ARM64.ActiveCfg = Debug|Any CPU
		{C575F927-236F-4CD8-A201-A0D8291622B8}.Debug|ARM64.Build.0 = Debug|Any CPU
		{C575F927-236F-4CD8-A201-A0D8291622B8}.Debug|x64.ActiveCfg = Debug|Any CPU
		{C575F927-236F-4CD8-A201-A0D8291622B8}.Debug|x64.Build.0 = Debug|Any CPU
		{C575F927-236F-4CD8-A201-A0D8291622B8}.Debug|x86.ActiveCfg = Debug|Any CPU
		{C575F927-236F-4CD8-A201-A0D8291622B8}.Debug|x86.Build.0 = Debug|Any CPU
		{C575F927-236F-4CD8-A201-A0D8291622B8}.Release|Any CPU.ActiveCfg = Release|Any CPU
		{C575F927-236F-4CD8-A201-A0D8291622B8}.Release|Any CPU.Build.0 = Release|Any CPU
		{C575F927-236F-4CD8-A201-A0D8291622B8}.Release|ARM.ActiveCfg = Release|Any CPU
		{C575F927-236F-4CD8-A201-A0D8291622B8}.Release|ARM.Build.0 = Release|Any CPU
		{C575F927-236F-4CD8-A201-A0D8291622B8}.Release|ARM64.ActiveCfg = Release|Any CPU
		{C575F927-236F-4CD8-A201-A0D8291622B8}.Release|ARM64.Build.0 = Release|Any CPU
		{C575F927-236F-4CD8-A201-A0D8291622B8}.Release|x64.ActiveCfg = Release|Any CPU
		{C575F927-236F-4CD8-A201-A0D8291622B8}.Release|x64.Build.0 = Release|Any CPU
		{C575F927-236F-4CD8-A201-A0D8291622B8}.Release|x86.ActiveCfg = Release|Any CPU
		{C575F927-236F-4CD8-A201-A0D8291622B8}.Release|x86.Build.0 = Release|Any CPU
		{E6985416-5183-4D9E-921E-E9F7404F2B58}.Debug|Any CPU.ActiveCfg = Debug|Any CPU
		{E6985416-5183-4D9E-921E-E9F7404F2B58}.Debug|Any CPU.Build.0 = Debug|Any CPU
		{E6985416-5183-4D9E-921E-E9F7404F2B58}.Debug|ARM.ActiveCfg = Debug|Any CPU
		{E6985416-5183-4D9E-921E-E9F7404F2B58}.Debug|ARM.Build.0 = Debug|Any CPU
		{E6985416-5183-4D9E-921E-E9F7404F2B58}.Debug|ARM64.ActiveCfg = Debug|Any CPU
		{E6985416-5183-4D9E-921E-E9F7404F2B58}.Debug|ARM64.Build.0 = Debug|Any CPU
		{E6985416-5183-4D9E-921E-E9F7404F2B58}.Debug|x64.ActiveCfg = Debug|Any CPU
		{E6985416-5183-4D9E-921E-E9F7404F2B58}.Debug|x64.Build.0 = Debug|Any CPU
		{E6985416-5183-4D9E-921E-E9F7404F2B58}.Debug|x86.ActiveCfg = Debug|Any CPU
		{E6985416-5183-4D9E-921E-E9F7404F2B58}.Debug|x86.Build.0 = Debug|Any CPU
		{E6985416-5183-4D9E-921E-E9F7404F2B58}.Release|Any CPU.ActiveCfg = Release|Any CPU
		{E6985416-5183-4D9E-921E-E9F7404F2B58}.Release|Any CPU.Build.0 = Release|Any CPU
		{E6985416-5183-4D9E-921E-E9F7404F2B58}.Release|ARM.ActiveCfg = Release|Any CPU
		{E6985416-5183-4D9E-921E-E9F7404F2B58}.Release|ARM.Build.0 = Release|Any CPU
		{E6985416-5183-4D9E-921E-E9F7404F2B58}.Release|ARM64.ActiveCfg = Release|Any CPU
		{E6985416-5183-4D9E-921E-E9F7404F2B58}.Release|ARM64.Build.0 = Release|Any CPU
		{E6985416-5183-4D9E-921E-E9F7404F2B58}.Release|x64.ActiveCfg = Release|Any CPU
		{E6985416-5183-4D9E-921E-E9F7404F2B58}.Release|x64.Build.0 = Release|Any CPU
		{E6985416-5183-4D9E-921E-E9F7404F2B58}.Release|x86.ActiveCfg = Release|Any CPU
		{E6985416-5183-4D9E-921E-E9F7404F2B58}.Release|x86.Build.0 = Release|Any CPU
		{13FA3B20-7401-4499-9307-5A22961BCC21}.Debug|Any CPU.ActiveCfg = Debug|Any CPU
		{13FA3B20-7401-4499-9307-5A22961BCC21}.Debug|Any CPU.Build.0 = Debug|Any CPU
		{13FA3B20-7401-4499-9307-5A22961BCC21}.Debug|ARM.ActiveCfg = Debug|Any CPU
		{13FA3B20-7401-4499-9307-5A22961BCC21}.Debug|ARM.Build.0 = Debug|Any CPU
		{13FA3B20-7401-4499-9307-5A22961BCC21}.Debug|ARM64.ActiveCfg = Debug|Any CPU
		{13FA3B20-7401-4499-9307-5A22961BCC21}.Debug|ARM64.Build.0 = Debug|Any CPU
		{13FA3B20-7401-4499-9307-5A22961BCC21}.Debug|x64.ActiveCfg = Debug|Any CPU
		{13FA3B20-7401-4499-9307-5A22961BCC21}.Debug|x64.Build.0 = Debug|Any CPU
		{13FA3B20-7401-4499-9307-5A22961BCC21}.Debug|x86.ActiveCfg = Debug|Any CPU
		{13FA3B20-7401-4499-9307-5A22961BCC21}.Debug|x86.Build.0 = Debug|Any CPU
		{13FA3B20-7401-4499-9307-5A22961BCC21}.Release|Any CPU.ActiveCfg = Release|Any CPU
		{13FA3B20-7401-4499-9307-5A22961BCC21}.Release|Any CPU.Build.0 = Release|Any CPU
		{13FA3B20-7401-4499-9307-5A22961BCC21}.Release|ARM.ActiveCfg = Release|Any CPU
		{13FA3B20-7401-4499-9307-5A22961BCC21}.Release|ARM.Build.0 = Release|Any CPU
		{13FA3B20-7401-4499-9307-5A22961BCC21}.Release|ARM64.ActiveCfg = Release|Any CPU
		{13FA3B20-7401-4499-9307-5A22961BCC21}.Release|ARM64.Build.0 = Release|Any CPU
		{13FA3B20-7401-4499-9307-5A22961BCC21}.Release|x64.ActiveCfg = Release|Any CPU
		{13FA3B20-7401-4499-9307-5A22961BCC21}.Release|x64.Build.0 = Release|Any CPU
		{13FA3B20-7401-4499-9307-5A22961BCC21}.Release|x86.ActiveCfg = Release|Any CPU
		{13FA3B20-7401-4499-9307-5A22961BCC21}.Release|x86.Build.0 = Release|Any CPU
	EndGlobalSection
	GlobalSection(SolutionProperties) = preSolution
		HideSolutionNode = FALSE
	EndGlobalSection
	GlobalSection(ExtensibilityGlobals) = postSolution
		SolutionGuid = {A483E683-DBD2-477E-8FA6-9E9F199F41CF}
	EndGlobalSection
EndGlobal
